
Microsoft Visual Studio Solution File, Format Version 12.00
# Visual Studio Version 17
VisualStudioVersion = 17.1.32421.90
MinimumVisualStudioVersion = 10.0.40219.1
Project("{FAE04EC0-301F-11D3-BF4B-00C04F79EFBC}") = "TGL03", "TGL03\TGL03.csproj", "{6CC47CA2-D8DB-4D07-9B8B-0BB05109BBEC}"
EndProject
Global
	GlobalSection(SolutionConfigurationPlatforms) = preSolution
		Debug|Any CPU = Debug|Any CPU
		Release|Any CPU = Release|Any CPU
	EndGlobalSection
	GlobalSection(ProjectConfigurationPlatforms) = postSolution
		{6CC47CA2-D8DB-4D07-9B8B-0BB05109BBEC}.Debug|Any CPU.ActiveCfg = Debug|Any CPU
		{6CC47CA2-D8DB-4D07-9B8B-0BB05109BBEC}.Debug|Any CPU.Build.0 = Debug|Any CPU
		{6CC47CA2-D8DB-4D07-9B8B-0BB05109BBEC}.Release|Any CPU.ActiveCfg = Release|Any CPU
		{6CC47CA2-D8DB-4D07-9B8B-0BB05109BBEC}.Release|Any CPU.Build.0 = Release|Any CPU
	EndGlobalSection
	GlobalSection(SolutionProperties) = preSolution
		HideSolutionNode = FALSE
	EndGlobalSection
	GlobalSection(ExtensibilityGlobals) = postSolution
		SolutionGuid = {80710B64-0875-48C0-B61C-FE9A2EC831A0}
	EndGlobalSection
EndGlobal
